
Microsoft Visual Studio Solution File, Format Version 12.00
# Visual Studio Version 16
VisualStudioVersion = 16.0.30225.117
MinimumVisualStudioVersion = 10.0.40219.1
Project("{9A19103F-16F7-4668-BE54-9A1E7A4F7556}") = "MQTTnet", "Source\MQTTnet\MQTTnet.csproj", "{1F510802-46E3-4951-9370-3DB01B34DA64}"
EndProject
Global
	GlobalSection(SolutionConfigurationPlatforms) = preSolution
		Debug|Any CPU = Debug|Any CPU
		Release|Any CPU = Release|Any CPU
	EndGlobalSection
	GlobalSection(ProjectConfigurationPlatforms) = postSolution
		{1F510802-46E3-4951-9370-3DB01B34DA64}.Debug|Any CPU.ActiveCfg = Debug|Any CPU
		{1F510802-46E3-4951-9370-3DB01B34DA64}.Debug|Any CPU.Build.0 = Debug|Any CPU
		{1F510802-46E3-4951-9370-3DB01B34DA64}.Release|Any CPU.ActiveCfg = Release|Any CPU
		{1F510802-46E3-4951-9370-3DB01B34DA64}.Release|Any CPU.Build.0 = Release|Any CPU
	EndGlobalSection
	GlobalSection(SolutionProperties) = preSolution
		HideSolutionNode = FALSE
	EndGlobalSection
	GlobalSection(ExtensibilityGlobals) = postSolution
		SolutionGuid = {AD2806B1-8931-43AA-BC9B-3BE66FDBE294}
	EndGlobalSection
EndGlobal
